// !$*UTF8*$!
{
	archiveVersion = 1;
	classes = {
	};
	objectVersion = 77;
	objects = {

/* Begin PBXBuildFile section */
		4A0000012F300000005BDF46 /* SwiftVectorCore in Frameworks */ = {isa = PBXBuildFile; productRef = 4A0000032F300000005BDF46 /* SwiftVectorCore */; };
		4A0000022F300000005BDF46 /* SwiftVectorCore in Frameworks */ = {isa = PBXBuildFile; productRef = 4A0000032F300000005BDF46 /* SwiftVectorCore */; };
		4A0000052F300000005BDF46 /* SwiftVectorTesting in Frameworks */ = {isa = PBXBuildFile; productRef = 4A0000062F300000005BDF46 /* SwiftVectorTesting */; };
/* End PBXBuildFile section */

/* Begin PBXContainerItemProxy section */
		4A76F05D2F206E96005BDF46 /* PBXContainerItemProxy */ = {
			isa = PBXContainerItemProxy;
			containerPortal = 4A76F0472F206E95005BDF46 /* Project object */;
			proxyType = 1;
			remoteGlobalIDString = 4A76F04E2F206E95005BDF46;
			remoteInfo = FlightworksControl;
		};
		4A76F0672F206E96005BDF46 /* PBXContainerItemProxy */ = {
			isa = PBXContainerItemProxy;
			containerPortal = 4A76F0472F206E95005BDF46 /* Project object */;
			proxyType = 1;
			remoteGlobalIDString = 4A76F04E2F206E95005BDF46;
			remoteInfo = FlightworksControl;
		};
/* End PBXContainerItemProxy section */

/* Begin PBXFileReference section */
		4A76F04F2F206E95005BDF46 /* FlightworksControl.app */ = {isa = PBXFileReference; explicitFileType = wrapper.application; includeInIndex = 0; path = FlightworksControl.app; sourceTree = BUILT_PRODUCTS_DIR; };
		4A76F05C2F206E96005BDF46 /* FlightworksControlTests.xctest */ = {isa = PBXFileReference; explicitFileType = wrapper.cfbundle; includeInIndex = 0; path = FlightworksControlTests.xctest; sourceTree = BUILT_PRODUCTS_DIR; };
		4A76F0662F206E96005BDF46 /* FlightworksControlUITests.xctest */ = {isa = PBXFileReference; explicitFileType = wrapper.cfbundle; includeInIndex = 0; path = FlightworksControlUITests.xctest; sourceTree = BUILT_PRODUCTS_DIR; };
/* End PBXFileReference section */

/* Begin PBXFileSystemSynchronizedRootGroup section */
		4A76F0512F206E95005BDF46 /* FlightworksControl */ = {
			isa = PBXFileSystemSynchronizedRootGroup;
			path = FlightworksControl;
			sourceTree = "<group>";
		};
		4A76F05F2F206E96005BDF46 /* FlightworksControlTests */ = {
			isa = PBXFileSystemSynchronizedRootGroup;
			path = FlightworksControlTests;
			sourceTree = "<group>";
		};
		4A76F0692F206E96005BDF46 /* FlightworksControlUITests */ = {
			isa = PBXFileSystemSynchronizedRootGroup;
			path = FlightworksControlUITests;
			sourceTree = "<group>";
		};
/* End PBXFileSystemSynchronizedRootGroup section */

/* Begin PBXFrameworksBuildPhase section */
		4A76F04C2F206E95005BDF46 /* Frameworks */ = {
			isa = PBXFrameworksBuildPhase;
			buildActionMask = 2147483647;
			files = (
				4A0000012F300000005BDF46 /* SwiftVectorCore in Frameworks */,
			);
			runOnlyForDeploymentPostprocessing = 0;
		};
		4A76F0592F206E96005BDF46 /* Frameworks */ = {
			isa = PBXFrameworksBuildPhase;
			buildActionMask = 2147483647;
			files = (
				4A0000022F300000005BDF46 /* SwiftVectorCore in Frameworks */,
				4A0000052F300000005BDF46 /* SwiftVectorTesting in Frameworks */,
			);
			runOnlyForDeploymentPostprocessing = 0;
		};
		4A76F0632F206E96005BDF46 /* Frameworks */ = {
			isa = PBXFrameworksBuildPhase;
			buildActionMask = 2147483647;
			files = (
			);
			runOnlyForDeploymentPostprocessing = 0;
		};
/* End PBXFrameworksBuildPhase section */

/* Begin PBXGroup section */
		4A76F0462F206E95005BDF46 = {
			isa = PBXGroup;
			children = (
				4A76F0512F206E95005BDF46 /* FlightworksControl */,
				4A76F05F2F206E96005BDF46 /* FlightworksControlTests */,
				4A76F0692F206E96005BDF46 /* FlightworksControlUITests */,
				4A76F0502F206E95005BDF46 /* Products */,
			);
			sourceTree = "<group>";
		};
		4A76F0502F206E95005BDF46 /* Products */ = {
			isa = PBXGroup;
			children = (
				4A76F04F2F206E95005BDF46 /* FlightworksControl.app */,
				4A76F05C2F206E96005BDF46 /* FlightworksControlTests.xctest */,
				4A76F0662F206E96005BDF46 /* FlightworksControlUITests.xctest */,
			);
			name = Products;
			sourceTree = "<group>";
		};
/* End PBXGroup section */

/* Begin PBXNativeTarget section */
		4A76F04E2F206E95005BDF46 /* FlightworksControl */ = {
			isa = PBXNativeTarget;
			buildConfigurationList = 4A76F0702F206E96005BDF46 /* Build configuration list for PBXNativeTarget "FlightworksControl" */;
			buildPhases = (
				4A76F04B2F206E95005BDF46 /* Sources */,
				4A76F04C2F206E95005BDF46 /* Frameworks */,
				4A76F04D2F206E95005BDF46 /* Resources */,
			);
			buildRules = (
			);
			dependencies = (
			);
			fileSystemSynchronizedGroups = (
				4A76F0512F206E95005BDF46 /* FlightworksControl */,
			);
			name = FlightworksControl;
			packageProductDependencies = (
				4A0000032F300000005BDF46 /* SwiftVectorCore */,
			);
			productName = FlightworksControl;
			productReference = 4A76F04F2F206E95005BDF46 /* FlightworksControl.app */;
			productType = "com.apple.product-type.application";
		};
		4A76F05B2F206E96005BDF46 /* FlightworksControlTests */ = {
			isa = PBXNativeTarget;
			buildConfigurationList = 4A76F0732F206E96005BDF46 /* Build configuration list for PBXNativeTarget "FlightworksControlTests" */;
			buildPhases = (
				4A76F0582F206E96005BDF46 /* Sources */,
				4A76F0592F206E96005BDF46 /* Frameworks */,
				4A76F05A2F206E96005BDF46 /* Resources */,
			);
			buildRules = (
			);
			dependencies = (
				4A76F05E2F206E96005BDF46 /* PBXTargetDependency */,
			);
			fileSystemSynchronizedGroups = (
				4A76F05F2F206E96005BDF46 /* FlightworksControlTests */,
			);
			name = FlightworksControlTests;
			packageProductDependencies = (
				4A0000032F300000005BDF46 /* SwiftVectorCore */,
				4A0000062F300000005BDF46 /* SwiftVectorTesting */,
			);
			productName = FlightworksControlTests;
			productReference = 4A76F05C2F206E96005BDF46 /* FlightworksControlTests.xctest */;
			productType = "com.apple.product-type.bundle.unit-test";
		};
		4A76F0652F206E96005BDF46 /* FlightworksControlUITests */ = {
			isa = PBXNativeTarget;
			buildConfigurationList = 4A76F0762F206E96005BDF46 /* Build configuration list for PBXNativeTarget "FlightworksControlUITests" */;
			buildPhases = (
				4A76F0622F206E96005BDF46 /* Sources */,
				4A76F0632F206E96005BDF46 /* Frameworks */,
				4A76F0642F206E96005BDF46 /* Resources */,
			);
			buildRules = (
			);
			dependencies = (
				4A76F0682F206E96005BDF46 /* PBXTargetDependency */,
			);
			fileSystemSynchronizedGroups = (
				4A76F0692F206E96005BDF46 /* FlightworksControlUITests */,
			);
			name = FlightworksControlUITests;
			packageProductDependencies = (
			);
			productName = FlightworksControlUITests;
			productReference = 4A76F0662F206E96005BDF46 /* FlightworksControlUITests.xctest */;
			productType = "com.apple.product-type.bundle.ui-testing";
		};
/* End PBXNativeTarget section */

/* Begin PBXProject section */
		4A76F0472F206E95005BDF46 /* Project object */ = {
			isa = PBXProject;
			attributes = {
				BuildIndependentTargetsInParallel = 1;
				LastSwiftUpdateCheck = 2620;
				LastUpgradeCheck = 2620;
				TargetAttributes = {
					4A76F04E2F206E95005BDF46 = {
						CreatedOnToolsVersion = 26.2;
					};
					4A76F05B2F206E96005BDF46 = {
						CreatedOnToolsVersion = 26.2;
						TestTargetID = 4A76F04E2F206E95005BDF46;
					};
					4A76F0652F206E96005BDF46 = {
						CreatedOnToolsVersion = 26.2;
						TestTargetID = 4A76F04E2F206E95005BDF46;
					};
				};
			};
			buildConfigurationList = 4A76F04A2F206E95005BDF46 /* Build configuration list for PBXProject "FlightworksControl" */;
			developmentRegion = en;
			hasScannedForEncodings = 0;
			knownRegions = (
				en,
				Base,
			);
			mainGroup = 4A76F0462F206E95005BDF46;
			minimizedProjectReferenceProxies = 1;
			preferredProjectObjectVersion = 77;
			productRefGroup = 4A76F0502F206E95005BDF46 /* Products */;
			packageReferences = (
				4A0000072F300000005BDF46 /* XCLocalSwiftPackageReference "SwiftVector" */,
			);
			projectDirPath = "";
			projectRoot = "";
			targets = (
				4A76F04E2F206E95005BDF46 /* FlightworksControl */,
				4A76F05B2F206E96005BDF46 /* FlightworksControlTests */,
				4A76F0652F206E96005BDF46 /* FlightworksControlUITests */,
			);
		};
/* End PBXProject section */

/* Begin PBXResourcesBuildPhase section */
		4A76F04D2F206E95005BDF46 /* Resources */ = {
			isa = PBXResourcesBuildPhase;
			buildActionMask = 2147483647;
			files = (
			);
			runOnlyForDeploymentPostprocessing = 0;
		};
		4A76F05A2F206E96005BDF46 /* Resources */ = {
			isa = PBXResourcesBuildPhase;
			buildActionMask = 2147483647;
			files = (
			);
			runOnlyForDeploymentPostprocessing = 0;
		};
		4A76F0642F206E96005BDF46 /* Resources */ = {
			isa = PBXResourcesBuildPhase;
			buildActionMask = 2147483647;
			files = (
			);
			runOnlyForDeploymentPostprocessing = 0;
		};
/* End PBXResourcesBuildPhase section */

/* Begin PBXSourcesBuildPhase section */
		4A76F04B2F206E95005BDF46 /* Sources */ = {
			isa = PBXSourcesBuildPhase;
			buildActionMask = 2147483647;
			files = (
			);
			runOnlyForDeploymentPostprocessing = 0;
		};
		4A76F0582F206E96005BDF46 /* Sources */ = {
			isa = PBXSourcesBuildPhase;
			buildActionMask = 2147483647;
			files = (
			);
			runOnlyForDeploymentPostprocessing = 0;
		};
		4A76F0622F206E96005BDF46 /* Sources */ = {
			isa = PBXSourcesBuildPhase;
			buildActionMask = 2147483647;
			files = (
			);
			runOnlyForDeploymentPostprocessing = 0;
		};
/* End PBXSourcesBuildPhase section */

/* Begin PBXTargetDependency section */
		4A76F05E2F206E96005BDF46 /* PBXTargetDependency */ = {
			isa = PBXTargetDependency;
			target = 4A76F04E2F206E95005BDF46 /* FlightworksControl */;
			targetProxy = 4A76F05D2F206E96005BDF46 /* PBXContainerItemProxy */;
		};
		4A76F0682F206E96005BDF46 /* PBXTargetDependency */ = {
			isa = PBXTargetDependency;
			target = 4A76F04E2F206E95005BDF46 /* FlightworksControl */;
			targetProxy = 4A76F0672F206E96005BDF46 /* PBXContainerItemProxy */;
		};
/* End PBXTargetDependency section */

/* Begin XCBuildConfiguration section */
		4A76F06E2F206E96005BDF46 /* Debug */ = {
			isa = XCBuildConfiguration;
			buildSettings = {
				ALWAYS_SEARCH_USER_PATHS = NO;
				ASSETCATALOG_COMPILER_GENERATE_SWIFT_ASSET_SYMBOL_EXTENSIONS = YES;
				CLANG_ANALYZER_NONNULL = YES;
				CLANG_ANALYZER_NUMBER_OBJECT_CONVERSION = YES_AGGRESSIVE;
				CLANG_CXX_LANGUAGE_STANDARD = "gnu++20";
				CLANG_ENABLE_MODULES = YES;
				CLANG_ENABLE_OBJC_ARC = YES;
				CLANG_ENABLE_OBJC_WEAK = YES;
				CLANG_WARN_BLOCK_CAPTURE_AUTORELEASING = YES;
				CLANG_WARN_BOOL_CONVERSION = YES;
				CLANG_WARN_COMMA = YES;
				CLANG_WARN_CONSTANT_CONVERSION = YES;
				CLANG_WARN_DEPRECATED_OBJC_IMPLEMENTATIONS = YES;
				CLANG_WARN_DIRECT_OBJC_ISA_USAGE = YES_ERROR;
				CLANG_WARN_DOCUMENTATION_COMMENTS = YES;
				CLANG_WARN_EMPTY_BODY = YES;
				CLANG_WARN_ENUM_CONVERSION = YES;
				CLANG_WARN_INFINITE_RECURSION = YES;
				CLANG_WARN_INT_CONVERSION = YES;
				CLANG_WARN_NON_LITERAL_NULL_CONVERSION = YES;
				CLANG_WARN_OBJC_IMPLICIT_RETAIN_SELF = YES;
				CLANG_WARN_OBJC_LITERAL_CONVERSION = YES;
				CLANG_WARN_OBJC_ROOT_CLASS = YES_ERROR;
				CLANG_WARN_QUOTED_INCLUDE_IN_FRAMEWORK_HEADER = YES;
				CLANG_WARN_RANGE_LOOP_ANALYSIS = YES;
				CLANG_WARN_STRICT_PROTOTYPES = YES;
				CLANG_WARN_SUSPICIOUS_MOVE = YES;
				CLANG_WARN_UNGUARDED_AVAILABILITY = YES_AGGRESSIVE;
				CLANG_WARN_UNREACHABLE_CODE = YES;
				CLANG_WARN__DUPLICATE_METHOD_MATCH = YES;
				COPY_PHASE_STRIP = NO;
				DEBUG_INFORMATION_FORMAT = dwarf;
				ENABLE_STRICT_OBJC_MSGSEND = YES;
				ENABLE_TESTABILITY = YES;
				ENABLE_USER_SCRIPT_SANDBOXING = YES;
				GCC_C_LANGUAGE_STANDARD = gnu17;
				GCC_DYNAMIC_NO_PIC = NO;
				GCC_NO_COMMON_BLOCKS = YES;
				GCC_OPTIMIZATION_LEVEL = 0;
				GCC_PREPROCESSOR_DEFINITIONS = (
					"DEBUG=1",
					"$(inherited)",
				);
				GCC_WARN_64_TO_32_BIT_CONVERSION = YES;
				GCC_WARN_ABOUT_RETURN_TYPE = YES_ERROR;
				GCC_WARN_UNDECLARED_SELECTOR = YES;
				GCC_WARN_UNINITIALIZED_AUTOS = YES_AGGRESSIVE;
				GCC_WARN_UNUSED_FUNCTION = YES;
				GCC_WARN_UNUSED_VARIABLE = YES;
				IPHONEOS_DEPLOYMENT_TARGET = 26.2;
				LOCALIZATION_PREFERS_STRING_CATALOGS = YES;
				MTL_ENABLE_DEBUG_INFO = INCLUDE_SOURCE;
				MTL_FAST_MATH = YES;
				ONLY_ACTIVE_ARCH = YES;
				SDKROOT = iphoneos;
				SWIFT_ACTIVE_COMPILATION_CONDITIONS = "DEBUG $(inherited)";
				SWIFT_OPTIMIZATION_LEVEL = "-Onone";
			};
			name = Debug;
		};
		4A76F06F2F206E96005BDF46 /* Release */ = {
			isa = XCBuildConfiguration;
			buildSettings = {
				ALWAYS_SEARCH_USER_PATHS = NO;
				ASSETCATALOG_COMPILER_GENERATE_SWIFT_ASSET_SYMBOL_EXTENSIONS = YES;
				CLANG_ANALYZER_NONNULL = YES;
				CLANG_ANALYZER_NUMBER_OBJECT_CONVERSION = YES_AGGRESSIVE;
				CLANG_CXX_LANGUAGE_STANDARD = "gnu++20";
				CLANG_ENABLE_MODULES = YES;
				CLANG_ENABLE_OBJC_ARC = YES;
				CLANG_ENABLE_OBJC_WEAK = YES;
				CLANG_WARN_BLOCK_CAPTURE_AUTORELEASING = YES;
				CLANG_WARN_BOOL_CONVERSION = YES;
				CLANG_WARN_COMMA = YES;
				CLANG_WARN_CONSTANT_CONVERSION = YES;
				CLANG_WARN_DEPRECATED_OBJC_IMPLEMENTATIONS = YES;
				CLANG_WARN_DIRECT_OBJC_ISA_USAGE = YES_ERROR;
				CLANG_WARN_DOCUMENTATION_COMMENTS = YES;
				CLANG_WARN_EMPTY_BODY = YES;
				CLANG_WARN_ENUM_CONVERSION = YES;
				CLANG_WARN_INFINITE_RECURSION = YES;
				CLANG_WARN_INT_CONVERSION = YES;
				CLANG_WARN_NON_LITERAL_NULL_CONVERSION = YES;
				CLANG_WARN_OBJC_IMPLICIT_RETAIN_SELF = YES;
				CLANG_WARN_OBJC_LITERAL_CONVERSION = YES;
				CLANG_WARN_OBJC_ROOT_CLASS = YES_ERROR;
				CLANG_WARN_QUOTED_INCLUDE_IN_FRAMEWORK_HEADER = YES;
				CLANG_WARN_RANGE_LOOP_ANALYSIS = YES;
				CLANG_WARN_STRICT_PROTOTYPES = YES;
				CLANG_WARN_SUSPICIOUS_MOVE = YES;
				CLANG_WARN_UNGUARDED_AVAILABILITY = YES_AGGRESSIVE;
				CLANG_WARN_UNREACHABLE_CODE = YES;
				CLANG_WARN__DUPLICATE_METHOD_MATCH = YES;
				COPY_PHASE_STRIP = NO;
				DEBUG_INFORMATION_FORMAT = "dwarf-with-dsym";
				ENABLE_NS_ASSERTIONS = NO;
				ENABLE_STRICT_OBJC_MSGSEND = YES;
				ENABLE_USER_SCRIPT_SANDBOXING = YES;
				GCC_C_LANGUAGE_STANDARD = gnu17;
				GCC_NO_COMMON_BLOCKS = YES;
				GCC_WARN_64_TO_32_BIT_CONVERSION = YES;
				GCC_WARN_ABOUT_RETURN_TYPE = YES_ERROR;
				GCC_WARN_UNDECLARED_SELECTOR = YES;
				GCC_WARN_UNINITIALIZED_AUTOS = YES_AGGRESSIVE;
				GCC_WARN_UNUSED_FUNCTION = YES;
				GCC_WARN_UNUSED_VARIABLE = YES;
				IPHONEOS_DEPLOYMENT_TARGET = 26.2;
				LOCALIZATION_PREFERS_STRING_CATALOGS = YES;
				MTL_ENABLE_DEBUG_INFO = NO;
				MTL_FAST_MATH = YES;
				SDKROOT = iphoneos;
				SWIFT_COMPILATION_MODE = wholemodule;
				VALIDATE_PRODUCT = YES;
			};
			name = Release;
		};
		4A76F0712F206E96005BDF46 /* Debug */ = {
			isa = XCBuildConfiguration;
			buildSettings = {
				ASSETCATALOG_COMPILER_APPICON_NAME = AppIcon;
				ASSETCATALOG_COMPILER_GLOBAL_ACCENT_COLOR_NAME = AccentColor;
				CODE_SIGN_STYLE = Automatic;
				CURRENT_PROJECT_VERSION = 1;
				ENABLE_PREVIEWS = YES;
				GENERATE_INFOPLIST_FILE = YES;
				INFOPLIST_KEY_UIApplicationSceneManifest_Generation = YES;
				INFOPLIST_KEY_UIApplicationSupportsIndirectInputEvents = YES;
				INFOPLIST_KEY_UILaunchScreen_Generation = YES;
				INFOPLIST_KEY_UISupportedInterfaceOrientations_iPad = "UIInterfaceOrientationPortrait UIInterfaceOrientationPortraitUpsideDown UIInterfaceOrientationLandscapeLeft UIInterfaceOrientationLandscapeRight";
				INFOPLIST_KEY_UISupportedInterfaceOrientations_iPhone = "UIInterfaceOrientationPortrait UIInterfaceOrientationLandscapeLeft UIInterfaceOrientationLandscapeRight";
				LD_RUNPATH_SEARCH_PATHS = (
					"$(inherited)",
					"@executable_path/Frameworks",
				);
				MARKETING_VERSION = 1.0;
				PRODUCT_BUNDLE_IDENTIFIER = com.flightworks.FlightworksControl;
				PRODUCT_NAME = "$(TARGET_NAME)";
				STRING_CATALOG_GENERATE_SYMBOLS = YES;
				SWIFT_APPROACHABLE_CONCURRENCY = YES;
				SWIFT_DEFAULT_ACTOR_ISOLATION = MainActor;
				SWIFT_EMIT_LOC_STRINGS = YES;
				SWIFT_UPCOMING_FEATURE_MEMBER_IMPORT_VISIBILITY = YES;
				SWIFT_VERSION = 5.0;
				TARGETED_DEVICE_FAMILY = "1,2";
			};
			name = Debug;
		};
		4A76F0722F206E96005BDF46 /* Release */ = {
			isa = XCBuildConfiguration;
			buildSettings = {
				ASSETCATALOG_COMPILER_APPICON_NAME = AppIcon;
				ASSETCATALOG_COMPILER_GLOBAL_ACCENT_COLOR_NAME = AccentColor;
				CODE_SIGN_STYLE = Automatic;
				CURRENT_PROJECT_VERSION = 1;
				ENABLE_PREVIEWS = YES;
				GENERATE_INFOPLIST_FILE = YES;
				INFOPLIST_KEY_UIApplicationSceneManifest_Generation = YES;
				INFOPLIST_KEY_UIApplicationSupportsIndirectInputEvents = YES;
				INFOPLIST_KEY_UILaunchScreen_Generation = YES;
				INFOPLIST_KEY_UISupportedInterfaceOrientations_iPad = "UIInterfaceOrientationPortrait UIInterfaceOrientationPortraitUpsideDown UIInterfaceOrientationLandscapeLeft UIInterfaceOrientationLandscapeRight";
				INFOPLIST_KEY_UISupportedInterfaceOrientations_iPhone = "UIInterfaceOrientationPortrait UIInterfaceOrientationLandscapeLeft UIInterfaceOrientationLandscapeRight";
				LD_RUNPATH_SEARCH_PATHS = (
					"$(inherited)",
					"@executable_path/Frameworks",
				);
				MARKETING_VERSION = 1.0;
				PRODUCT_BUNDLE_IDENTIFIER = com.flightworks.FlightworksControl;
				PRODUCT_NAME = "$(TARGET_NAME)";
				STRING_CATALOG_GENERATE_SYMBOLS = YES;
				SWIFT_APPROACHABLE_CONCURRENCY = YES;
				SWIFT_DEFAULT_ACTOR_ISOLATION = MainActor;
				SWIFT_EMIT_LOC_STRINGS = YES;
				SWIFT_UPCOMING_FEATURE_MEMBER_IMPORT_VISIBILITY = YES;
				SWIFT_VERSION = 5.0;
				TARGETED_DEVICE_FAMILY = "1,2";
			};
			name = Release;
		};
		4A76F0742F206E96005BDF46 /* Debug */ = {
			isa = XCBuildConfiguration;
			buildSettings = {
				BUNDLE_LOADER = "$(TEST_HOST)";
				CODE_SIGN_STYLE = Automatic;
				CURRENT_PROJECT_VERSION = 1;
				GENERATE_INFOPLIST_FILE = YES;
				IPHONEOS_DEPLOYMENT_TARGET = 26.2;
				MARKETING_VERSION = 1.0;
				PRODUCT_BUNDLE_IDENTIFIER = com.flightworks.FlightworksControlTests;
				PRODUCT_NAME = "$(TARGET_NAME)";
				STRING_CATALOG_GENERATE_SYMBOLS = NO;
				SWIFT_APPROACHABLE_CONCURRENCY = YES;
				SWIFT_EMIT_LOC_STRINGS = NO;
				SWIFT_UPCOMING_FEATURE_MEMBER_IMPORT_VISIBILITY = YES;
				SWIFT_VERSION = 5.0;
				TARGETED_DEVICE_FAMILY = "1,2";
				TEST_HOST = "$(BUILT_PRODUCTS_DIR)/FlightworksControl.app/$(BUNDLE_EXECUTABLE_FOLDER_PATH)/FlightworksControl";
			};
			name = Debug;
		};
		4A76F0752F206E96005BDF46 /* Release */ = {
			isa = XCBuildConfiguration;
			buildSettings = {
				BUNDLE_LOADER = "$(TEST_HOST)";
				CODE_SIGN_STYLE = Automatic;
				CURRENT_PROJECT_VERSION = 1;
				GENERATE_INFOPLIST_FILE = YES;
				IPHONEOS_DEPLOYMENT_TARGET = 26.2;
				MARKETING_VERSION = 1.0;
				PRODUCT_BUNDLE_IDENTIFIER = com.flightworks.FlightworksControlTests;
				PRODUCT_NAME = "$(TARGET_NAME)";
				STRING_CATALOG_GENERATE_SYMBOLS = NO;
				SWIFT_APPROACHABLE_CONCURRENCY = YES;
				SWIFT_EMIT_LOC_STRINGS = NO;
				SWIFT_UPCOMING_FEATURE_MEMBER_IMPORT_VISIBILITY = YES;
				SWIFT_VERSION = 5.0;
				TARGETED_DEVICE_FAMILY = "1,2";
				TEST_HOST = "$(BUILT_PRODUCTS_DIR)/FlightworksControl.app/$(BUNDLE_EXECUTABLE_FOLDER_PATH)/FlightworksControl";
			};
			name = Release;
		};
		4A76F0772F206E96005BDF46 /* Debug */ = {
			isa = XCBuildConfiguration;
			buildSettings = {
				CODE_SIGN_STYLE = Automatic;
				CURRENT_PROJECT_VERSION = 1;
				GENERATE_INFOPLIST_FILE = YES;
				MARKETING_VERSION = 1.0;
				PRODUCT_BUNDLE_IDENTIFIER = com.flightworks.FlightworksControlUITests;
				PRODUCT_NAME = "$(TARGET_NAME)";
				STRING_CATALOG_GENERATE_SYMBOLS = NO;
				SWIFT_APPROACHABLE_CONCURRENCY = YES;
				SWIFT_EMIT_LOC_STRINGS = NO;
				SWIFT_UPCOMING_FEATURE_MEMBER_IMPORT_VISIBILITY = YES;
				SWIFT_VERSION = 5.0;
				TARGETED_DEVICE_FAMILY = "1,2";
				TEST_TARGET_NAME = FlightworksControl;
			};
			name = Debug;
		};
		4A76F0782F206E96005BDF46 /* Release */ = {
			isa = XCBuildConfiguration;
			buildSettings = {
				CODE_SIGN_STYLE = Automatic;
				CURRENT_PROJECT_VERSION = 1;
				GENERATE_INFOPLIST_FILE = YES;
				MARKETING_VERSION = 1.0;
				PRODUCT_BUNDLE_IDENTIFIER = com.flightworks.FlightworksControlUITests;
				PRODUCT_NAME = "$(TARGET_NAME)";
				STRING_CATALOG_GENERATE_SYMBOLS = NO;
				SWIFT_APPROACHABLE_CONCURRENCY = YES;
				SWIFT_EMIT_LOC_STRINGS = NO;
				SWIFT_UPCOMING_FEATURE_MEMBER_IMPORT_VISIBILITY = YES;
				SWIFT_VERSION = 5.0;
				TARGETED_DEVICE_FAMILY = "1,2";
				TEST_TARGET_NAME = FlightworksControl;
			};
			name = Release;
		};
/* End XCBuildConfiguration section */

/* Begin XCConfigurationList section */
		4A76F04A2F206E95005BDF46 /* Build configuration list for PBXProject "FlightworksControl" */ = {
			isa = XCConfigurationList;
			buildConfigurations = (
				4A76F06E2F206E96005BDF46 /* Debug */,
				4A76F06F2F206E96005BDF46 /* Release */,
			);
			defaultConfigurationIsVisible = 0;
			defaultConfigurationName = Release;
		};
		4A76F0702F206E96005BDF46 /* Build configuration list for PBXNativeTarget "FlightworksControl" */ = {
			isa = XCConfigurationList;
			buildConfigurations = (
				4A76F0712F206E96005BDF46 /* Debug */,
				4A76F0722F206E96005BDF46 /* Release */,
			);
			defaultConfigurationIsVisible = 0;
			defaultConfigurationName = Release;
		};
		4A76F0732F206E96005BDF46 /* Build configuration list for PBXNativeTarget "FlightworksControlTests" */ = {
			isa = XCConfigurationList;
			buildConfigurations = (
				4A76F0742F206E96005BDF46 /* Debug */,
				4A76F0752F206E96005BDF46 /* Release */,
			);
			defaultConfigurationIsVisible = 0;
			defaultConfigurationName = Release;
		};
		4A76F0762F206E96005BDF46 /* Build configuration list for PBXNativeTarget "FlightworksControlUITests" */ = {
			isa = XCConfigurationList;
			buildConfigurations = (
				4A76F0772F206E96005BDF46 /* Debug */,
				4A76F0782F206E96005BDF46 /* Release */,
			);
			defaultConfigurationIsVisible = 0;
			defaultConfigurationName = Release;
		};
/* End XCConfigurationList section */

/* Begin XCLocalSwiftPackageReference section */
		4A0000072F300000005BDF46 /* XCLocalSwiftPackageReference "SwiftVector" */ = {
			isa = XCLocalSwiftPackageReference;
			relativePath = ../SwiftVector;
		};
/* End XCLocalSwiftPackageReference section */

/* Begin XCSwiftPackageProductDependency section */
		4A0000032F300000005BDF46 /* SwiftVectorCore */ = {
			isa = XCSwiftPackageProductDependency;
			package = 4A0000072F300000005BDF46 /* XCLocalSwiftPackageReference "SwiftVector" */;
			productName = SwiftVectorCore;
		};
		4A0000062F300000005BDF46 /* SwiftVectorTesting */ = {
			isa = XCSwiftPackageProductDependency;
			package = 4A0000072F300000005BDF46 /* XCLocalSwiftPackageReference "SwiftVector" */;
			productName = SwiftVectorTesting;
		};
/* End XCSwiftPackageProductDependency section */

	};
	rootObject = 4A76F0472F206E95005BDF46 /* Project object */;
}
